
Microsoft Visual Studio Solution File, Format Version 12.00
# Visual Studio Version 17
VisualStudioVersion = 17.8.34511.84
MinimumVisualStudioVersion = 10.0.40219.1
Project("{FAE04EC0-301F-11D3-BF4B-00C04F79EFBC}") = "ZaszloArusAPI_EF", "ZaszloArusAPI_EF.csproj", "{C67BA6A5-982D-41AD-948B-832C11BB88D8}"
EndProject
Global
	GlobalSection(SolutionConfigurationPlatforms) = preSolution
		Debug|Any CPU = Debug|Any CPU
		Release|Any CPU = Release|Any CPU
	EndGlobalSection
	GlobalSection(ProjectConfigurationPlatforms) = postSolution
		{C67BA6A5-982D-41AD-948B-832C11BB88D8}.Debug|Any CPU.ActiveCfg = Debug|Any CPU
		{C67BA6A5-982D-41AD-948B-832C11BB88D8}.Debug|Any CPU.Build.0 = Debug|Any CPU
		{C67BA6A5-982D-41AD-948B-832C11BB88D8}.Release|Any CPU.ActiveCfg = Release|Any CPU
		{C67BA6A5-982D-41AD-948B-832C11BB88D8}.Release|Any CPU.Build.0 = Release|Any CPU
	EndGlobalSection
	GlobalSection(SolutionProperties) = preSolution
		HideSolutionNode = FALSE
	EndGlobalSection
	GlobalSection(ExtensibilityGlobals) = postSolution
		SolutionGuid = {5DAA7B64-7E84-4576-960B-5C1CC9F6C9E2}
	EndGlobalSection
EndGlobal
